
Microsoft Visual Studio Solution File, Format Version 12.00
Project("{FAE04EC0-301F-11D3-BF4B-00C04F79EFBC}") = "WebApp", "WebApp\WebApp.csproj", "{5B86755A-90BB-4B71-94AB-98BEDBC0C90E}"
EndProject
Project("{2150E333-8FDC-42A3-9474-1A3956D46DE8}") = "BASE", "BASE", "{AD5C0CEF-3E8A-4EBE-AB7F-4CB57C906623}"
EndProject
Project("{2150E333-8FDC-42A3-9474-1A3956D46DE8}") = "APP", "APP", "{05532389-3D51-4AAA-8E27-99D51EAF2B28}"
EndProject
Project("{FAE04EC0-301F-11D3-BF4B-00C04F79EFBC}") = "Base.Domain", "Base.Domain\Base.Domain.csproj", "{6A1F282A-5273-4C58-A0AF-8449C018452B}"
EndProject
Project("{FAE04EC0-301F-11D3-BF4B-00C04F79EFBC}") = "App.Domain", "App.Domain\App.Domain.csproj", "{0C725527-CAF4-44C3-96AB-8871B05A2C3A}"
EndProject
Project("{FAE04EC0-301F-11D3-BF4B-00C04F79EFBC}") = "App.DAL", "App.DAL\App.DAL.csproj", "{AD33D29D-A132-4F51-8941-3D6EA8AF6AB6}"
EndProject
Project("{2150E333-8FDC-42A3-9474-1A3956D46DE8}") = "!Solution Items", "!Solution Items", "{57ACFD93-35F1-468B-B031-BFE70E12A9C9}"
	ProjectSection(SolutionItems) = preProject
		..\Demo2\README.md = ..\Demo2\README.md
		Directory.Build.props = Directory.Build.props
	EndProjectSection
EndProject
Project("{FAE04EC0-301F-11D3-BF4B-00C04F79EFBC}") = "Base.Resources", "Base.Resources\Base.Resources.csproj", "{E79E15A7-6BC4-4BA5-AAEE-07A309BD7EBC}"
EndProject
Project("{FAE04EC0-301F-11D3-BF4B-00C04F79EFBC}") = "App.Resources", "App.Resources\App.Resources.csproj", "{AC62D77E-0FD5-450E-BF61-F1FDE0FAD86A}"
EndProject
Global
	GlobalSection(SolutionConfigurationPlatforms) = preSolution
		Debug|Any CPU = Debug|Any CPU
		Release|Any CPU = Release|Any CPU
	EndGlobalSection
	GlobalSection(ProjectConfigurationPlatforms) = postSolution
		{5B86755A-90BB-4B71-94AB-98BEDBC0C90E}.Debug|Any CPU.ActiveCfg = Debug|Any CPU
		{5B86755A-90BB-4B71-94AB-98BEDBC0C90E}.Debug|Any CPU.Build.0 = Debug|Any CPU
		{5B86755A-90BB-4B71-94AB-98BEDBC0C90E}.Release|Any CPU.ActiveCfg = Release|Any CPU
		{5B86755A-90BB-4B71-94AB-98BEDBC0C90E}.Release|Any CPU.Build.0 = Release|Any CPU
		{6A1F282A-5273-4C58-A0AF-8449C018452B}.Debug|Any CPU.ActiveCfg = Debug|Any CPU
		{6A1F282A-5273-4C58-A0AF-8449C018452B}.Debug|Any CPU.Build.0 = Debug|Any CPU
		{6A1F282A-5273-4C58-A0AF-8449C018452B}.Release|Any CPU.ActiveCfg = Release|Any CPU
		{6A1F282A-5273-4C58-A0AF-8449C018452B}.Release|Any CPU.Build.0 = Release|Any CPU
		{0C725527-CAF4-44C3-96AB-8871B05A2C3A}.Debug|Any CPU.ActiveCfg = Debug|Any CPU
		{0C725527-CAF4-44C3-96AB-8871B05A2C3A}.Debug|Any CPU.Build.0 = Debug|Any CPU
		{0C725527-CAF4-44C3-96AB-8871B05A2C3A}.Release|Any CPU.ActiveCfg = Release|Any CPU
		{0C725527-CAF4-44C3-96AB-8871B05A2C3A}.Release|Any CPU.Build.0 = Release|Any CPU
		{AD33D29D-A132-4F51-8941-3D6EA8AF6AB6}.Debug|Any CPU.ActiveCfg = Debug|Any CPU
		{AD33D29D-A132-4F51-8941-3D6EA8AF6AB6}.Debug|Any CPU.Build.0 = Debug|Any CPU
		{AD33D29D-A132-4F51-8941-3D6EA8AF6AB6}.Release|Any CPU.ActiveCfg = Release|Any CPU
		{AD33D29D-A132-4F51-8941-3D6EA8AF6AB6}.Release|Any CPU.Build.0 = Release|Any CPU
		{E79E15A7-6BC4-4BA5-AAEE-07A309BD7EBC}.Debug|Any CPU.ActiveCfg = Debug|Any CPU
		{E79E15A7-6BC4-4BA5-AAEE-07A309BD7EBC}.Debug|Any CPU.Build.0 = Debug|Any CPU
		{E79E15A7-6BC4-4BA5-AAEE-07A309BD7EBC}.Release|Any CPU.ActiveCfg = Release|Any CPU
		{E79E15A7-6BC4-4BA5-AAEE-07A309BD7EBC}.Release|Any CPU.Build.0 = Release|Any CPU
		{AC62D77E-0FD5-450E-BF61-F1FDE0FAD86A}.Debug|Any CPU.ActiveCfg = Debug|Any CPU
		{AC62D77E-0FD5-450E-BF61-F1FDE0FAD86A}.Debug|Any CPU.Build.0 = Debug|Any CPU
		{AC62D77E-0FD5-450E-BF61-F1FDE0FAD86A}.Release|Any CPU.ActiveCfg = Release|Any CPU
		{AC62D77E-0FD5-450E-BF61-F1FDE0FAD86A}.Release|Any CPU.Build.0 = Release|Any CPU
	EndGlobalSection
	GlobalSection(NestedProjects) = preSolution
		{6A1F282A-5273-4C58-A0AF-8449C018452B} = {AD5C0CEF-3E8A-4EBE-AB7F-4CB57C906623}
		{0C725527-CAF4-44C3-96AB-8871B05A2C3A} = {05532389-3D51-4AAA-8E27-99D51EAF2B28}
		{5B86755A-90BB-4B71-94AB-98BEDBC0C90E} = {05532389-3D51-4AAA-8E27-99D51EAF2B28}
		{AD33D29D-A132-4F51-8941-3D6EA8AF6AB6} = {05532389-3D51-4AAA-8E27-99D51EAF2B28}
		{E79E15A7-6BC4-4BA5-AAEE-07A309BD7EBC} = {AD5C0CEF-3E8A-4EBE-AB7F-4CB57C906623}
		{AC62D77E-0FD5-450E-BF61-F1FDE0FAD86A} = {05532389-3D51-4AAA-8E27-99D51EAF2B28}
	EndGlobalSection
EndGlobal
