
Microsoft Visual Studio Solution File, Format Version 12.00
Project("{FAE04EC0-301F-11D3-BF4B-00C04F79EFBC}") = "WebApp", "WebApp\WebApp.csproj", "{5B86755A-90BB-4B71-94AB-98BEDBC0C90E}"
EndProject
Project("{2150E333-8FDC-42A3-9474-1A3956D46DE8}") = "BASE", "BASE", "{AD5C0CEF-3E8A-4EBE-AB7F-4CB57C906623}"
EndProject
Project("{2150E333-8FDC-42A3-9474-1A3956D46DE8}") = "APP", "APP", "{05532389-3D51-4AAA-8E27-99D51EAF2B28}"
EndProject
Project("{FAE04EC0-301F-11D3-BF4B-00C04F79EFBC}") = "Base.Domain", "Base.Domain\Base.Domain.csproj", "{6A1F282A-5273-4C58-A0AF-8449C018452B}"
EndProject
Project("{FAE04EC0-301F-11D3-BF4B-00C04F79EFBC}") = "App.Domain.EF", "App.Domain.EF\App.Domain.EF.csproj", "{0C725527-CAF4-44C3-96AB-8871B05A2C3A}"
EndProject
Project("{FAE04EC0-301F-11D3-BF4B-00C04F79EFBC}") = "App.DAL", "App.DAL\App.DAL.csproj", "{AD33D29D-A132-4F51-8941-3D6EA8AF6AB6}"
EndProject
Project("{FAE04EC0-301F-11D3-BF4B-00C04F79EFBC}") = "Base.Resources", "Base.Resources\Base.Resources.csproj", "{E79E15A7-6BC4-4BA5-AAEE-07A309BD7EBC}"
EndProject
Project("{FAE04EC0-301F-11D3-BF4B-00C04F79EFBC}") = "App.Resources", "App.Resources\App.Resources.csproj", "{AC62D77E-0FD5-450E-BF61-F1FDE0FAD86A}"
EndProject
Project("{2150E333-8FDC-42A3-9474-1A3956D46DE8}") = "!Solution Items", "!Solution Items", "{4920A6BA-BAA0-4562-981C-A833ABC4C820}"
	ProjectSection(SolutionItems) = preProject
		README.md = README.md
		Directory.Build.props = Directory.Build.props
		Dockerfile = Dockerfile
		.dockerignore = .dockerignore
	EndProjectSection
EndProject
Project("{FAE04EC0-301F-11D3-BF4B-00C04F79EFBC}") = "Base.DAL.EF", "Base.DAL.EF\Base.DAL.EF.csproj", "{817A1720-1B62-4683-94F0-88F699E850A4}"
EndProject
Project("{FAE04EC0-301F-11D3-BF4B-00C04F79EFBC}") = "Base.DAL.Contracts", "Base.DAL.Contracts\Base.DAL.Contracts.csproj", "{76340EAC-FE5E-430D-A34A-086025E4EAFD}"
EndProject
Project("{FAE04EC0-301F-11D3-BF4B-00C04F79EFBC}") = "Base.Contracts", "Base.Contracts\Base.Contracts.csproj", "{6303DFCF-89F6-4446-9100-8E895C08B375}"
EndProject
Project("{FAE04EC0-301F-11D3-BF4B-00C04F79EFBC}") = "App.DAL.Contracts", "App.DAL.Contracts\App.DAL.Contracts.csproj", "{A000724C-6D76-4676-820F-8F0D8E65038F}"
EndProject
Project("{FAE04EC0-301F-11D3-BF4B-00C04F79EFBC}") = "Base.Helpers", "Base.Helpers\Base.Helpers.csproj", "{0A21F9B6-3894-419E-9973-F0C07B3C4D4D}"
EndProject
Project("{FAE04EC0-301F-11D3-BF4B-00C04F79EFBC}") = "App.DAL.DTO", "App.DAL.DTO\App.DAL.DTO.csproj", "{E106A677-B043-4E78-BC44-7FE938A3C52B}"
EndProject
Project("{FAE04EC0-301F-11D3-BF4B-00C04F79EFBC}") = "App.DTO", "App.DTO\App.DTO.csproj", "{8EC23861-F84F-4455-8F56-7172DEFF8F21}"
EndProject
Project("{FAE04EC0-301F-11D3-BF4B-00C04F79EFBC}") = "Base.BLL.Contracts", "Base.BLL.Contracts\Base.BLL.Contracts.csproj", "{31ECB726-25AA-4A07-A594-9D701EF84A39}"
EndProject
Project("{FAE04EC0-301F-11D3-BF4B-00C04F79EFBC}") = "App.BLL", "App.BLL\App.BLL.csproj", "{43687ED4-DE0F-4024-9EED-51FB5B9C7415}"
EndProject
Project("{FAE04EC0-301F-11D3-BF4B-00C04F79EFBC}") = "Base.BLL", "Base.BLL\Base.BLL.csproj", "{C7AC7E93-694D-4CA9-937C-B6FCE7ECF102}"
EndProject
Project("{FAE04EC0-301F-11D3-BF4B-00C04F79EFBC}") = "App.BLL.DTO", "App.BLL.DTO\App.BLL.DTO.csproj", "{076DA3E9-9DB5-44C3-AB34-7CED7BDE25B4}"
EndProject
Project("{FAE04EC0-301F-11D3-BF4B-00C04F79EFBC}") = "App.BLL.Contracts", "App.BLL.Contracts\App.BLL.Contracts.csproj", "{19AC6A35-352F-43EE-861C-325E19ED9D39}"
EndProject
Project("{FAE04EC0-301F-11D3-BF4B-00C04F79EFBC}") = "App.Tests", "App.Tests\App.Tests.csproj", "{6C933494-2808-428A-857B-DE8034DAD718}"
EndProject
Global
	GlobalSection(SolutionConfigurationPlatforms) = preSolution
		Debug|Any CPU = Debug|Any CPU
		Release|Any CPU = Release|Any CPU
	EndGlobalSection
	GlobalSection(ProjectConfigurationPlatforms) = postSolution
		{5B86755A-90BB-4B71-94AB-98BEDBC0C90E}.Debug|Any CPU.ActiveCfg = Debug|Any CPU
		{5B86755A-90BB-4B71-94AB-98BEDBC0C90E}.Debug|Any CPU.Build.0 = Debug|Any CPU
		{5B86755A-90BB-4B71-94AB-98BEDBC0C90E}.Release|Any CPU.ActiveCfg = Release|Any CPU
		{5B86755A-90BB-4B71-94AB-98BEDBC0C90E}.Release|Any CPU.Build.0 = Release|Any CPU
		{6A1F282A-5273-4C58-A0AF-8449C018452B}.Debug|Any CPU.ActiveCfg = Debug|Any CPU
		{6A1F282A-5273-4C58-A0AF-8449C018452B}.Debug|Any CPU.Build.0 = Debug|Any CPU
		{6A1F282A-5273-4C58-A0AF-8449C018452B}.Release|Any CPU.ActiveCfg = Release|Any CPU
		{6A1F282A-5273-4C58-A0AF-8449C018452B}.Release|Any CPU.Build.0 = Release|Any CPU
		{0C725527-CAF4-44C3-96AB-8871B05A2C3A}.Debug|Any CPU.ActiveCfg = Debug|Any CPU
		{0C725527-CAF4-44C3-96AB-8871B05A2C3A}.Debug|Any CPU.Build.0 = Debug|Any CPU
		{0C725527-CAF4-44C3-96AB-8871B05A2C3A}.Release|Any CPU.ActiveCfg = Release|Any CPU
		{0C725527-CAF4-44C3-96AB-8871B05A2C3A}.Release|Any CPU.Build.0 = Release|Any CPU
		{AD33D29D-A132-4F51-8941-3D6EA8AF6AB6}.Debug|Any CPU.ActiveCfg = Debug|Any CPU
		{AD33D29D-A132-4F51-8941-3D6EA8AF6AB6}.Debug|Any CPU.Build.0 = Debug|Any CPU
		{AD33D29D-A132-4F51-8941-3D6EA8AF6AB6}.Release|Any CPU.ActiveCfg = Release|Any CPU
		{AD33D29D-A132-4F51-8941-3D6EA8AF6AB6}.Release|Any CPU.Build.0 = Release|Any CPU
		{E79E15A7-6BC4-4BA5-AAEE-07A309BD7EBC}.Debug|Any CPU.ActiveCfg = Debug|Any CPU
		{E79E15A7-6BC4-4BA5-AAEE-07A309BD7EBC}.Debug|Any CPU.Build.0 = Debug|Any CPU
		{E79E15A7-6BC4-4BA5-AAEE-07A309BD7EBC}.Release|Any CPU.ActiveCfg = Release|Any CPU
		{E79E15A7-6BC4-4BA5-AAEE-07A309BD7EBC}.Release|Any CPU.Build.0 = Release|Any CPU
		{AC62D77E-0FD5-450E-BF61-F1FDE0FAD86A}.Debug|Any CPU.ActiveCfg = Debug|Any CPU
		{AC62D77E-0FD5-450E-BF61-F1FDE0FAD86A}.Debug|Any CPU.Build.0 = Debug|Any CPU
		{AC62D77E-0FD5-450E-BF61-F1FDE0FAD86A}.Release|Any CPU.ActiveCfg = Release|Any CPU
		{AC62D77E-0FD5-450E-BF61-F1FDE0FAD86A}.Release|Any CPU.Build.0 = Release|Any CPU
		{817A1720-1B62-4683-94F0-88F699E850A4}.Debug|Any CPU.ActiveCfg = Debug|Any CPU
		{817A1720-1B62-4683-94F0-88F699E850A4}.Debug|Any CPU.Build.0 = Debug|Any CPU
		{817A1720-1B62-4683-94F0-88F699E850A4}.Release|Any CPU.ActiveCfg = Release|Any CPU
		{817A1720-1B62-4683-94F0-88F699E850A4}.Release|Any CPU.Build.0 = Release|Any CPU
		{76340EAC-FE5E-430D-A34A-086025E4EAFD}.Debug|Any CPU.ActiveCfg = Debug|Any CPU
		{76340EAC-FE5E-430D-A34A-086025E4EAFD}.Debug|Any CPU.Build.0 = Debug|Any CPU
		{76340EAC-FE5E-430D-A34A-086025E4EAFD}.Release|Any CPU.ActiveCfg = Release|Any CPU
		{76340EAC-FE5E-430D-A34A-086025E4EAFD}.Release|Any CPU.Build.0 = Release|Any CPU
		{6303DFCF-89F6-4446-9100-8E895C08B375}.Debug|Any CPU.ActiveCfg = Debug|Any CPU
		{6303DFCF-89F6-4446-9100-8E895C08B375}.Debug|Any CPU.Build.0 = Debug|Any CPU
		{6303DFCF-89F6-4446-9100-8E895C08B375}.Release|Any CPU.ActiveCfg = Release|Any CPU
		{6303DFCF-89F6-4446-9100-8E895C08B375}.Release|Any CPU.Build.0 = Release|Any CPU
		{A000724C-6D76-4676-820F-8F0D8E65038F}.Debug|Any CPU.ActiveCfg = Debug|Any CPU
		{A000724C-6D76-4676-820F-8F0D8E65038F}.Debug|Any CPU.Build.0 = Debug|Any CPU
		{A000724C-6D76-4676-820F-8F0D8E65038F}.Release|Any CPU.ActiveCfg = Release|Any CPU
		{A000724C-6D76-4676-820F-8F0D8E65038F}.Release|Any CPU.Build.0 = Release|Any CPU
		{0A21F9B6-3894-419E-9973-F0C07B3C4D4D}.Debug|Any CPU.ActiveCfg = Debug|Any CPU
		{0A21F9B6-3894-419E-9973-F0C07B3C4D4D}.Debug|Any CPU.Build.0 = Debug|Any CPU
		{0A21F9B6-3894-419E-9973-F0C07B3C4D4D}.Release|Any CPU.ActiveCfg = Release|Any CPU
		{0A21F9B6-3894-419E-9973-F0C07B3C4D4D}.Release|Any CPU.Build.0 = Release|Any CPU
		{E106A677-B043-4E78-BC44-7FE938A3C52B}.Debug|Any CPU.ActiveCfg = Debug|Any CPU
		{E106A677-B043-4E78-BC44-7FE938A3C52B}.Debug|Any CPU.Build.0 = Debug|Any CPU
		{E106A677-B043-4E78-BC44-7FE938A3C52B}.Release|Any CPU.ActiveCfg = Release|Any CPU
		{E106A677-B043-4E78-BC44-7FE938A3C52B}.Release|Any CPU.Build.0 = Release|Any CPU
		{8EC23861-F84F-4455-8F56-7172DEFF8F21}.Debug|Any CPU.ActiveCfg = Debug|Any CPU
		{8EC23861-F84F-4455-8F56-7172DEFF8F21}.Debug|Any CPU.Build.0 = Debug|Any CPU
		{8EC23861-F84F-4455-8F56-7172DEFF8F21}.Release|Any CPU.ActiveCfg = Release|Any CPU
		{8EC23861-F84F-4455-8F56-7172DEFF8F21}.Release|Any CPU.Build.0 = Release|Any CPU
		{31ECB726-25AA-4A07-A594-9D701EF84A39}.Debug|Any CPU.ActiveCfg = Debug|Any CPU
		{31ECB726-25AA-4A07-A594-9D701EF84A39}.Debug|Any CPU.Build.0 = Debug|Any CPU
		{31ECB726-25AA-4A07-A594-9D701EF84A39}.Release|Any CPU.ActiveCfg = Release|Any CPU
		{31ECB726-25AA-4A07-A594-9D701EF84A39}.Release|Any CPU.Build.0 = Release|Any CPU
		{43687ED4-DE0F-4024-9EED-51FB5B9C7415}.Debug|Any CPU.ActiveCfg = Debug|Any CPU
		{43687ED4-DE0F-4024-9EED-51FB5B9C7415}.Debug|Any CPU.Build.0 = Debug|Any CPU
		{43687ED4-DE0F-4024-9EED-51FB5B9C7415}.Release|Any CPU.ActiveCfg = Release|Any CPU
		{43687ED4-DE0F-4024-9EED-51FB5B9C7415}.Release|Any CPU.Build.0 = Release|Any CPU
		{C7AC7E93-694D-4CA9-937C-B6FCE7ECF102}.Debug|Any CPU.ActiveCfg = Debug|Any CPU
		{C7AC7E93-694D-4CA9-937C-B6FCE7ECF102}.Debug|Any CPU.Build.0 = Debug|Any CPU
		{C7AC7E93-694D-4CA9-937C-B6FCE7ECF102}.Release|Any CPU.ActiveCfg = Release|Any CPU
		{C7AC7E93-694D-4CA9-937C-B6FCE7ECF102}.Release|Any CPU.Build.0 = Release|Any CPU
		{076DA3E9-9DB5-44C3-AB34-7CED7BDE25B4}.Debug|Any CPU.ActiveCfg = Debug|Any CPU
		{076DA3E9-9DB5-44C3-AB34-7CED7BDE25B4}.Debug|Any CPU.Build.0 = Debug|Any CPU
		{076DA3E9-9DB5-44C3-AB34-7CED7BDE25B4}.Release|Any CPU.ActiveCfg = Release|Any CPU
		{076DA3E9-9DB5-44C3-AB34-7CED7BDE25B4}.Release|Any CPU.Build.0 = Release|Any CPU
		{19AC6A35-352F-43EE-861C-325E19ED9D39}.Debug|Any CPU.ActiveCfg = Debug|Any CPU
		{19AC6A35-352F-43EE-861C-325E19ED9D39}.Debug|Any CPU.Build.0 = Debug|Any CPU
		{19AC6A35-352F-43EE-861C-325E19ED9D39}.Release|Any CPU.ActiveCfg = Release|Any CPU
		{19AC6A35-352F-43EE-861C-325E19ED9D39}.Release|Any CPU.Build.0 = Release|Any CPU
		{6C933494-2808-428A-857B-DE8034DAD718}.Debug|Any CPU.ActiveCfg = Debug|Any CPU
		{6C933494-2808-428A-857B-DE8034DAD718}.Debug|Any CPU.Build.0 = Debug|Any CPU
		{6C933494-2808-428A-857B-DE8034DAD718}.Release|Any CPU.ActiveCfg = Release|Any CPU
		{6C933494-2808-428A-857B-DE8034DAD718}.Release|Any CPU.Build.0 = Release|Any CPU
	EndGlobalSection
	GlobalSection(NestedProjects) = preSolution
		{6A1F282A-5273-4C58-A0AF-8449C018452B} = {AD5C0CEF-3E8A-4EBE-AB7F-4CB57C906623}
		{0C725527-CAF4-44C3-96AB-8871B05A2C3A} = {05532389-3D51-4AAA-8E27-99D51EAF2B28}
		{5B86755A-90BB-4B71-94AB-98BEDBC0C90E} = {05532389-3D51-4AAA-8E27-99D51EAF2B28}
		{AD33D29D-A132-4F51-8941-3D6EA8AF6AB6} = {05532389-3D51-4AAA-8E27-99D51EAF2B28}
		{E79E15A7-6BC4-4BA5-AAEE-07A309BD7EBC} = {AD5C0CEF-3E8A-4EBE-AB7F-4CB57C906623}
		{AC62D77E-0FD5-450E-BF61-F1FDE0FAD86A} = {05532389-3D51-4AAA-8E27-99D51EAF2B28}
		{817A1720-1B62-4683-94F0-88F699E850A4} = {AD5C0CEF-3E8A-4EBE-AB7F-4CB57C906623}
		{76340EAC-FE5E-430D-A34A-086025E4EAFD} = {AD5C0CEF-3E8A-4EBE-AB7F-4CB57C906623}
		{6303DFCF-89F6-4446-9100-8E895C08B375} = {AD5C0CEF-3E8A-4EBE-AB7F-4CB57C906623}
		{A000724C-6D76-4676-820F-8F0D8E65038F} = {05532389-3D51-4AAA-8E27-99D51EAF2B28}
		{0A21F9B6-3894-419E-9973-F0C07B3C4D4D} = {AD5C0CEF-3E8A-4EBE-AB7F-4CB57C906623}
		{E106A677-B043-4E78-BC44-7FE938A3C52B} = {05532389-3D51-4AAA-8E27-99D51EAF2B28}
		{8EC23861-F84F-4455-8F56-7172DEFF8F21} = {05532389-3D51-4AAA-8E27-99D51EAF2B28}
		{31ECB726-25AA-4A07-A594-9D701EF84A39} = {AD5C0CEF-3E8A-4EBE-AB7F-4CB57C906623}
		{43687ED4-DE0F-4024-9EED-51FB5B9C7415} = {05532389-3D51-4AAA-8E27-99D51EAF2B28}
		{C7AC7E93-694D-4CA9-937C-B6FCE7ECF102} = {AD5C0CEF-3E8A-4EBE-AB7F-4CB57C906623}
		{076DA3E9-9DB5-44C3-AB34-7CED7BDE25B4} = {05532389-3D51-4AAA-8E27-99D51EAF2B28}
		{19AC6A35-352F-43EE-861C-325E19ED9D39} = {05532389-3D51-4AAA-8E27-99D51EAF2B28}
		{6C933494-2808-428A-857B-DE8034DAD718} = {05532389-3D51-4AAA-8E27-99D51EAF2B28}
	EndGlobalSection
EndGlobal
